
Microsoft Visual Studio Solution File, Format Version 12.00
# Visual Studio Version 17
VisualStudioVersion = 17.12.35527.113 d17.12
MinimumVisualStudioVersion = 10.0.40219.1
Project("{FAE04EC0-301F-11D3-BF4B-00C04F79EFBC}") = "Exercises", "Exercises\Exercises.csproj", "{812DAC1D-F631-4572-A7F4-64559CE14DCD}"
EndProject
Global
	GlobalSection(SolutionConfigurationPlatforms) = preSolution
		Debug|Any CPU = Debug|Any CPU
		Release|Any CPU = Release|Any CPU
	EndGlobalSection
	GlobalSection(ProjectConfigurationPlatforms) = postSolution
		{812DAC1D-F631-4572-A7F4-64559CE14DCD}.Debug|Any CPU.ActiveCfg = Debug|Any CPU
		{812DAC1D-F631-4572-A7F4-64559CE14DCD}.Debug|Any CPU.Build.0 = Debug|Any CPU
		{812DAC1D-F631-4572-A7F4-64559CE14DCD}.Release|Any CPU.ActiveCfg = Release|Any CPU
		{812DAC1D-F631-4572-A7F4-64559CE14DCD}.Release|Any CPU.Build.0 = Release|Any CPU
	EndGlobalSection
	GlobalSection(SolutionProperties) = preSolution
		HideSolutionNode = FALSE
	EndGlobalSection
EndGlobal
